{
  "name": "@shekohex/paseo-plugin-catppuccin",
  "version": "0.1.0",
  "lockfileVersion": 3,
  "requires": true,
  "packages": {
    "": {
      "name": "@shekohex/paseo-plugin-catppuccin",
      "version": "0.1.0",
      "devDependencies": {
        "@getpaseo/plugin": "0.9.0",
        "typescript": "^5.9.2"
      }
    },
    "node_modules/@agentclientprotocol/sdk": {
      "version": "1.5.0",
      "resolved": "https://registry.npmjs.org/@agentclientprotocol/sdk/-/sdk-1.5.0.tgz",
      "integrity": "sha512-524jwbB2iYWA+kWWyv9fhKbhU89dH/lu9u5EXwVNmfYzopV8BujCDxByBDZhxRUkB7RWIJzISCnwivdDk+bdVg==",
      "dev": true,
      "license": "Apache-2.0",
      "peerDependencies": {
        "zod": "^3.25.0 || ^4.0.0"
      }
    },
    "node_modules/@getpaseo/plugin": {
      "version": "0.9.0",
      "resolved": "https://registry.npmjs.org/@getpaseo/plugin/-/plugin-0.9.0.tgz",
      "integrity": "sha512-Y2vf/prkaktql4rWB2TeoDDUyZyZvXVJAOBacgRHL/RfMSL7BZRPDhooVFIzDpF6S6mnP3lU3axTmiDxAavj+w==",
      "dev": true,
      "dependencies": {
        "@agentclientprotocol/sdk": "^1.4.0",
        "use-sync-external-store": "^1.6.0"
      },
      "peerDependencies": {
        "@getpaseo/client": "0.9.0",
        "@getpaseo/protocol": "0.9.0",
        "react": "~19.1.0",
        "react-native": ">=0.81.5",
        "zod": "^4.4.3"
      },
      "peerDependenciesMeta": {
        "react-native": {
          "optional": true
        }
      }
    },
    "node_modules/typescript": {
      "version": "5.9.3",
      "resolved": "https://registry.npmjs.org/typescript/-/typescript-5.9.3.tgz",
      "integrity": "sha512-jl1vZzPDinLr9eUt3J/t7V6FgNEw9QjvBPdysz9KfQDD41fQrC2Y4vKQdiaUpFT4bXlb1RHhLpp8wtm6M5TgSw==",
      "dev": true,
      "license": "Apache-2.0",
      "bin": {
        "tsc": "bin/tsc",
        "tsserver": "bin/tsserver"
      },
      "engines": {
        "node": ">=14.17"
      }
    },
    "node_modules/use-sync-external-store": {
      "version": "1.7.0",
      "resolved": "https://registry.npmjs.org/use-sync-external-store/-/use-sync-external-store-1.7.0.tgz",
      "integrity": "sha512-6L+EeigHMQhdaIPNIFUKwfWJSwWFQ8gJbJ2DLOs5sDIegTwR9fRxvnM3uciHKjIZhFz+KAv2emhWMRvDmMcY8A==",
      "dev": true,
      "license": "MIT",
      "peerDependencies": {
        "react": "^16.8.0 || ^17.0.0 || ^18.0.0 || ^19.0.0"
      }
    }
  }
}
